
Microsoft Visual Studio Solution File, Format Version 12.00
# Visual Studio Version 17
VisualStudioVersion = 17.14.36429.23 d17.14
MinimumVisualStudioVersion = 10.0.40219.1
Project("{FAE04EC0-301F-11D3-BF4B-00C04F79EFBC}") = "battleship", "battleship\battleship.csproj", "{1FB15509-04F7-4C14-BEE6-A4113CC147D9}"
EndProject
Global
	GlobalSection(SolutionConfigurationPlatforms) = preSolution
		Debug|Any CPU = Debug|Any CPU
		Release|Any CPU = Release|Any CPU
	EndGlobalSection
	GlobalSection(ProjectConfigurationPlatforms) = postSolution
		{1FB15509-04F7-4C14-BEE6-A4113CC147D9}.Debug|Any CPU.ActiveCfg = Debug|Any CPU
		{1FB15509-04F7-4C14-BEE6-A4113CC147D9}.Debug|Any CPU.Build.0 = Debug|Any CPU
		{1FB15509-04F7-4C14-BEE6-A4113CC147D9}.Release|Any CPU.ActiveCfg = Release|Any CPU
		{1FB15509-04F7-4C14-BEE6-A4113CC147D9}.Release|Any CPU.Build.0 = Release|Any CPU
	EndGlobalSection
	GlobalSection(SolutionProperties) = preSolution
		HideSolutionNode = FALSE
	EndGlobalSection
	GlobalSection(ExtensibilityGlobals) = postSolution
		SolutionGuid = {C8E120F3-A34F-4F0B-B0DE-1201A47204A5}
	EndGlobalSection
EndGlobal
